// !$*UTF8*$!
{
	archiveVersion = 1;
	classes = {
	};
	objectVersion = 56;
	objects = {

/* Begin PBXBuildFile section */
		9AB9BBA82AE215B2004E97BC /* AppDelegate.swift in Sources */ = {isa = PBXBuildFile; fileRef = 9AB9BBA72AE215B2004E97BC /* AppDelegate.swift */; };
		9AB9BBAA2AE215B2004E97BC /* SceneDelegate.swift in Sources */ = {isa = PBXBuildFile; fileRef = 9AB9BBA92AE215B2004E97BC /* SceneDelegate.swift */; };
		9AB9BBAC2AE215B2004E97BC /* ViewController.swift in Sources */ = {isa = PBXBuildFile; fileRef = 9AB9BBAB2AE215B2004E97BC /* ViewController.swift */; };
		9AB9BBAF2AE215B2004E97BC /* Main.storyboard in Resources */ = {isa = PBXBuildFile; fileRef = 9AB9BBAD2AE215B2004E97BC /* Main.storyboard */; };
		9AB9BBB12AE215B3004E97BC /* Assets.xcassets in Resources */ = {isa = PBXBuildFile; fileRef = 9AB9BBB02AE215B3004E97BC /* Assets.xcassets */; };
		9AB9BBB42AE215B3004E97BC /* LaunchScreen.storyboard in Resources */ = {isa = PBXBuildFile; fileRef = 9AB9BBB22AE215B3004E97BC /* LaunchScreen.storyboard */; };
		9AB9BBC22AE2167C004E97BC /* SignUp_Testing_Tests.swift in Sources */ = {isa = PBXBuildFile; fileRef = 9AB9BBC12AE2167C004E97BC /* SignUp_Testing_Tests.swift */; };
		9AB9BBC92AE21A0D004E97BC /* NameValidation.swift in Sources */ = {isa = PBXBuildFile; fileRef = 9AB9BBC82AE21A0D004E97BC /* NameValidation.swift */; };
		9AB9BBCB2AE22E54004E97BC /* PasswordValidation.swift in Sources */ = {isa = PBXBuildFile; fileRef = 9AB9BBCA2AE22E54004E97BC /* PasswordValidation.swift */; };
/* End PBXBuildFile section */

/* Begin PBXContainerItemProxy section */
		9AB9BBC32AE2167C004E97BC /* PBXContainerItemProxy */ = {
			isa = PBXContainerItemProxy;
			containerPortal = 9AB9BB9C2AE215B2004E97BC /* Project object */;
			proxyType = 1;
			remoteGlobalIDString = 9AB9BBA32AE215B2004E97BC;
			remoteInfo = "SignUp-Testing";
		};
/* End PBXContainerItemProxy section */

/* Begin PBXFileReference section */
		9AB9BBA42AE215B2004E97BC /* SignUp-Testing.app */ = {isa = PBXFileReference; explicitFileType = wrapper.application; includeInIndex = 0; path = "SignUp-Testing.app"; sourceTree = BUILT_PRODUCTS_DIR; };
		9AB9BBA72AE215B2004E97BC /* AppDelegate.swift */ = {isa = PBXFileReference; lastKnownFileType = sourcecode.swift; path = AppDelegate.swift; sourceTree = "<group>"; };
		9AB9BBA92AE215B2004E97BC /* SceneDelegate.swift */ = {isa = PBXFileReference; lastKnownFileType = sourcecode.swift; path = SceneDelegate.swift; sourceTree = "<group>"; };
		9AB9BBAB2AE215B2004E97BC /* ViewController.swift */ = {isa = PBXFileReference; lastKnownFileType = sourcecode.swift; path = ViewController.swift; sourceTree = "<group>"; };
		9AB9BBAE2AE215B2004E97BC /* Base */ = {isa = PBXFileReference; lastKnownFileType = file.storyboard; name = Base; path = Base.lproj/Main.storyboard; sourceTree = "<group>"; };
		9AB9BBB02AE215B3004E97BC /* Assets.xcassets */ = {isa = PBXFileReference; lastKnownFileType = folder.assetcatalog; path = Assets.xcassets; sourceTree = "<group>"; };
		9AB9BBB32AE215B3004E97BC /* Base */ = {isa = PBXFileReference; lastKnownFileType = file.storyboard; name = Base; path = Base.lproj/LaunchScreen.storyboard; sourceTree = "<group>"; };
		9AB9BBB52AE215B3004E97BC /* Info.plist */ = {isa = PBXFileReference; lastKnownFileType = text.plist.xml; path = Info.plist; sourceTree = "<group>"; };
		9AB9BBBF2AE2167C004E97BC /* SignUp-Testing-Tests.xctest */ = {isa = PBXFileReference; explicitFileType = wrapper.cfbundle; includeInIndex = 0; path = "SignUp-Testing-Tests.xctest"; sourceTree = BUILT_PRODUCTS_DIR; };
		9AB9BBC12AE2167C004E97BC /* SignUp_Testing_Tests.swift */ = {isa = PBXFileReference; lastKnownFileType = sourcecode.swift; path = SignUp_Testing_Tests.swift; sourceTree = "<group>"; };
		9AB9BBC82AE21A0D004E97BC /* NameValidation.swift */ = {isa = PBXFileReference; lastKnownFileType = sourcecode.swift; path = NameValidation.swift; sourceTree = "<group>"; };
		9AB9BBCA2AE22E54004E97BC /* PasswordValidation.swift */ = {isa = PBXFileReference; lastKnownFileType = sourcecode.swift; path = PasswordValidation.swift; sourceTree = "<group>"; };
/* End PBXFileReference section */

/* Begin PBXFrameworksBuildPhase section */
		9AB9BBA12AE215B2004E97BC /* Frameworks */ = {
			isa = PBXFrameworksBuildPhase;
			buildActionMask = 2147483647;
			files = (
			);
			runOnlyForDeploymentPostprocessing = 0;
		};
		9AB9BBBC2AE2167C004E97BC /* Frameworks */ = {
			isa = PBXFrameworksBuildPhase;
			buildActionMask = 2147483647;
			files = (
			);
			runOnlyForDeploymentPostprocessing = 0;
		};
/* End PBXFrameworksBuildPhase section */

/* Begin PBXGroup section */
		9AB9BB9B2AE215B2004E97BC = {
			isa = PBXGroup;
			children = (
				9AB9BBA62AE215B2004E97BC /* SignUp-Testing */,
				9AB9BBC02AE2167C004E97BC /* SignUp-Testing-Tests */,
				9AB9BBA52AE215B2004E97BC /* Products */,
			);
			sourceTree = "<group>";
		};
		9AB9BBA52AE215B2004E97BC /* Products */ = {
			isa = PBXGroup;
			children = (
				9AB9BBA42AE215B2004E97BC /* SignUp-Testing.app */,
				9AB9BBBF2AE2167C004E97BC /* SignUp-Testing-Tests.xctest */,
			);
			name = Products;
			sourceTree = "<group>";
		};
		9AB9BBA62AE215B2004E97BC /* SignUp-Testing */ = {
			isa = PBXGroup;
			children = (
				9AB9BBA72AE215B2004E97BC /* AppDelegate.swift */,
				9AB9BBA92AE215B2004E97BC /* SceneDelegate.swift */,
				9AB9BBAB2AE215B2004E97BC /* ViewController.swift */,
				9AB9BBAD2AE215B2004E97BC /* Main.storyboard */,
				9AB9BBB02AE215B3004E97BC /* Assets.xcassets */,
				9AB9BBB22AE215B3004E97BC /* LaunchScreen.storyboard */,
				9AB9BBB52AE215B3004E97BC /* Info.plist */,
				9AB9BBC82AE21A0D004E97BC /* NameValidation.swift */,
				9AB9BBCA2AE22E54004E97BC /* PasswordValidation.swift */,
			);
			path = "SignUp-Testing";
			sourceTree = "<group>";
		};
		9AB9BBC02AE2167C004E97BC /* SignUp-Testing-Tests */ = {
			isa = PBXGroup;
			children = (
				9AB9BBC12AE2167C004E97BC /* SignUp_Testing_Tests.swift */,
			);
			path = "SignUp-Testing-Tests";
			sourceTree = "<group>";
		};
/* End PBXGroup section */

/* Begin PBXNativeTarget section */
		9AB9BBA32AE215B2004E97BC /* SignUp-Testing */ = {
			isa = PBXNativeTarget;
			buildConfigurationList = 9AB9BBB82AE215B3004E97BC /* Build configuration list for PBXNativeTarget "SignUp-Testing" */;
			buildPhases = (
				9AB9BBA02AE215B2004E97BC /* Sources */,
				9AB9BBA12AE215B2004E97BC /* Frameworks */,
				9AB9BBA22AE215B2004E97BC /* Resources */,
			);
			buildRules = (
			);
			dependencies = (
			);
			name = "SignUp-Testing";
			productName = "SignUp-Testing";
			productReference = 9AB9BBA42AE215B2004E97BC /* SignUp-Testing.app */;
			productType = "com.apple.product-type.application";
		};
		9AB9BBBE2AE2167C004E97BC /* SignUp-Testing-Tests */ = {
			isa = PBXNativeTarget;
			buildConfigurationList = 9AB9BBC52AE2167C004E97BC /* Build configuration list for PBXNativeTarget "SignUp-Testing-Tests" */;
			buildPhases = (
				9AB9BBBB2AE2167C004E97BC /* Sources */,
				9AB9BBBC2AE2167C004E97BC /* Frameworks */,
				9AB9BBBD2AE2167C004E97BC /* Resources */,
			);
			buildRules = (
			);
			dependencies = (
				9AB9BBC42AE2167C004E97BC /* PBXTargetDependency */,
			);
			name = "SignUp-Testing-Tests";
			productName = "SignUp-Testing-Tests";
			productReference = 9AB9BBBF2AE2167C004E97BC /* SignUp-Testing-Tests.xctest */;
			productType = "com.apple.product-type.bundle.unit-test";
		};
/* End PBXNativeTarget section */

/* Begin PBXProject section */
		9AB9BB9C2AE215B2004E97BC /* Project object */ = {
			isa = PBXProject;
			attributes = {
				BuildIndependentTargetsInParallel = 1;
				LastSwiftUpdateCheck = 1500;
				LastUpgradeCheck = 1500;
				TargetAttributes = {
					9AB9BBA32AE215B2004E97BC = {
						CreatedOnToolsVersion = 15.0.1;
					};
					9AB9BBBE2AE2167C004E97BC = {
						CreatedOnToolsVersion = 15.0.1;
						TestTargetID = 9AB9BBA32AE215B2004E97BC;
					};
				};
			};
			buildConfigurationList = 9AB9BB9F2AE215B2004E97BC /* Build configuration list for PBXProject "SignUp-Testing" */;
			compatibilityVersion = "Xcode 14.0";
			developmentRegion = en;
			hasScannedForEncodings = 0;
			knownRegions = (
				en,
				Base,
			);
			mainGroup = 9AB9BB9B2AE215B2004E97BC;
			productRefGroup = 9AB9BBA52AE215B2004E97BC /* Products */;
			projectDirPath = "";
			projectRoot = "";
			targets = (
				9AB9BBA32AE215B2004E97BC /* SignUp-Testing */,
				9AB9BBBE2AE2167C004E97BC /* SignUp-Testing-Tests */,
			);
		};
/* End PBXProject section */

/* Begin PBXResourcesBuildPhase section */
		9AB9BBA22AE215B2004E97BC /* Resources */ = {
			isa = PBXResourcesBuildPhase;
			buildActionMask = 2147483647;
			files = (
				9AB9BBB42AE215B3004E97BC /* LaunchScreen.storyboard in Resources */,
				9AB9BBB12AE215B3004E97BC /* Assets.xcassets in Resources */,
				9AB9BBAF2AE215B2004E97BC /* Main.storyboard in Resources */,
			);
			runOnlyForDeploymentPostprocessing = 0;
		};
		9AB9BBBD2AE2167C004E97BC /* Resources */ = {
			isa = PBXResourcesBuildPhase;
			buildActionMask = 2147483647;
			files = (
			);
			runOnlyForDeploymentPostprocessing = 0;
		};
/* End PBXResourcesBuildPhase section */

/* Begin PBXSourcesBuildPhase section */
		9AB9BBA02AE215B2004E97BC /* Sources */ = {
			isa = PBXSourcesBuildPhase;
			buildActionMask = 2147483647;
			files = (
				9AB9BBAC2AE215B2004E97BC /* ViewController.swift in Sources */,
				9AB9BBCB2AE22E54004E97BC /* PasswordValidation.swift in Sources */,
				9AB9BBA82AE215B2004E97BC /* AppDelegate.swift in Sources */,
				9AB9BBAA2AE215B2004E97BC /* SceneDelegate.swift in Sources */,
				9AB9BBC92AE21A0D004E97BC /* NameValidation.swift in Sources */,
			);
			runOnlyForDeploymentPostprocessing = 0;
		};
		9AB9BBBB2AE2167C004E97BC /* Sources */ = {
			isa = PBXSourcesBuildPhase;
			buildActionMask = 2147483647;
			files = (
				9AB9BBC22AE2167C004E97BC /* SignUp_Testing_Tests.swift in Sources */,
			);
			runOnlyForDeploymentPostprocessing = 0;
		};
/* End PBXSourcesBuildPhase section */

/* Begin PBXTargetDependency section */
		9AB9BBC42AE2167C004E97BC /* PBXTargetDependency */ = {
			isa = PBXTargetDependency;
			target = 9AB9BBA32AE215B2004E97BC /* SignUp-Testing */;
			targetProxy = 9AB9BBC32AE2167C004E97BC /* PBXContainerItemProxy */;
		};
/* End PBXTargetDependency section */

/* Begin PBXVariantGroup section */
		9AB9BBAD2AE215B2004E97BC /* Main.storyboard */ = {
			isa = PBXVariantGroup;
			children = (
				9AB9BBAE2AE215B2004E97BC /* Base */,
			);
			name = Main.storyboard;
			sourceTree = "<group>";
		};
		9AB9BBB22AE215B3004E97BC /* LaunchScreen.storyboard */ = {
			isa = PBXVariantGroup;
			children = (
				9AB9BBB32AE215B3004E97BC /* Base */,
			);
			name = LaunchScreen.storyboard;
			sourceTree = "<group>";
		};
/* End PBXVariantGroup section */

/* Begin XCBuildConfiguration section */
		9AB9BBB62AE215B3004E97BC /* Debug */ = {
			isa = XCBuildConfiguration;
			buildSettings = {
				ALWAYS_SEARCH_USER_PATHS = NO;
				ASSETCATALOG_COMPILER_GENERATE_SWIFT_ASSET_SYMBOL_EXTENSIONS = YES;
				CLANG_ANALYZER_NONNULL = YES;
				CLANG_ANALYZER_NUMBER_OBJECT_CONVERSION = YES_AGGRESSIVE;
				CLANG_CXX_LANGUAGE_STANDARD = "gnu++20";
				CLANG_ENABLE_MODULES = YES;
				CLANG_ENABLE_OBJC_ARC = YES;
				CLANG_ENABLE_OBJC_WEAK = YES;
				CLANG_WARN_BLOCK_CAPTURE_AUTORELEASING = YES;
				CLANG_WARN_BOOL_CONVERSION = YES;
				CLANG_WARN_COMMA = YES;
				CLANG_WARN_CONSTANT_CONVERSION = YES;
				CLANG_WARN_DEPRECATED_OBJC_IMPLEMENTATIONS = YES;
				CLANG_WARN_DIRECT_OBJC_ISA_USAGE = YES_ERROR;
				CLANG_WARN_DOCUMENTATION_COMMENTS = YES;
				CLANG_WARN_EMPTY_BODY = YES;
				CLANG_WARN_ENUM_CONVERSION = YES;
				CLANG_WARN_INFINITE_RECURSION = YES;
				CLANG_WARN_INT_CONVERSION = YES;
				CLANG_WARN_NON_LITERAL_NULL_CONVERSION = YES;
				CLANG_WARN_OBJC_IMPLICIT_RETAIN_SELF = YES;
				CLANG_WARN_OBJC_LITERAL_CONVERSION = YES;
				CLANG_WARN_OBJC_ROOT_CLASS = YES_ERROR;
				CLANG_WARN_QUOTED_INCLUDE_IN_FRAMEWORK_HEADER = YES;
				CLANG_WARN_RANGE_LOOP_ANALYSIS = YES;
				CLANG_WARN_STRICT_PROTOTYPES = YES;
				CLANG_WARN_SUSPICIOUS_MOVE = YES;
				CLANG_WARN_UNGUARDED_AVAILABILITY = YES_AGGRESSIVE;
				CLANG_WARN_UNREACHABLE_CODE = YES;
				CLANG_WARN__DUPLICATE_METHOD_MATCH = YES;
				COPY_PHASE_STRIP = NO;
				DEBUG_INFORMATION_FORMAT = dwarf;
				ENABLE_STRICT_OBJC_MSGSEND = YES;
				ENABLE_TESTABILITY = YES;
				ENABLE_USER_SCRIPT_SANDBOXING = YES;
				GCC_C_LANGUAGE_STANDARD = gnu17;
				GCC_DYNAMIC_NO_PIC = NO;
				GCC_NO_COMMON_BLOCKS = YES;
				GCC_OPTIMIZATION_LEVEL = 0;
				GCC_PREPROCESSOR_DEFINITIONS = (
					"DEBUG=1",
					"$(inherited)",
				);
				GCC_WARN_64_TO_32_BIT_CONVERSION = YES;
				GCC_WARN_ABOUT_RETURN_TYPE = YES_ERROR;
				GCC_WARN_UNDECLARED_SELECTOR = YES;
				GCC_WARN_UNINITIALIZED_AUTOS = YES_AGGRESSIVE;
				GCC_WARN_UNUSED_FUNCTION = YES;
				GCC_WARN_UNUSED_VARIABLE = YES;
				IPHONEOS_DEPLOYMENT_TARGET = 17.0;
				LOCALIZATION_PREFERS_STRING_CATALOGS = YES;
				MTL_ENABLE_DEBUG_INFO = INCLUDE_SOURCE;
				MTL_FAST_MATH = YES;
				ONLY_ACTIVE_ARCH = YES;
				SDKROOT = iphoneos;
				SWIFT_ACTIVE_COMPILATION_CONDITIONS = "DEBUG $(inherited)";
				SWIFT_OPTIMIZATION_LEVEL = "-Onone";
			};
			name = Debug;
		};
		9AB9BBB72AE215B3004E97BC /* Release */ = {
			isa = XCBuildConfiguration;
			buildSettings = {
				ALWAYS_SEARCH_USER_PATHS = NO;
				ASSETCATALOG_COMPILER_GENERATE_SWIFT_ASSET_SYMBOL_EXTENSIONS = YES;
				CLANG_ANALYZER_NONNULL = YES;
				CLANG_ANALYZER_NUMBER_OBJECT_CONVERSION = YES_AGGRESSIVE;
				CLANG_CXX_LANGUAGE_STANDARD = "gnu++20";
				CLANG_ENABLE_MODULES = YES;
				CLANG_ENABLE_OBJC_ARC = YES;
				CLANG_ENABLE_OBJC_WEAK = YES;
				CLANG_WARN_BLOCK_CAPTURE_AUTORELEASING = YES;
				CLANG_WARN_BOOL_CONVERSION = YES;
				CLANG_WARN_COMMA = YES;
				CLANG_WARN_CONSTANT_CONVERSION = YES;
				CLANG_WARN_DEPRECATED_OBJC_IMPLEMENTATIONS = YES;
				CLANG_WARN_DIRECT_OBJC_ISA_USAGE = YES_ERROR;
				CLANG_WARN_DOCUMENTATION_COMMENTS = YES;
				CLANG_WARN_EMPTY_BODY = YES;
				CLANG_WARN_ENUM_CONVERSION = YES;
				CLANG_WARN_INFINITE_RECURSION = YES;
				CLANG_WARN_INT_CONVERSION = YES;
				CLANG_WARN_NON_LITERAL_NULL_CONVERSION = YES;
				CLANG_WARN_OBJC_IMPLICIT_RETAIN_SELF = YES;
				CLANG_WARN_OBJC_LITERAL_CONVERSION = YES;
				CLANG_WARN_OBJC_ROOT_CLASS = YES_ERROR;
				CLANG_WARN_QUOTED_INCLUDE_IN_FRAMEWORK_HEADER = YES;
				CLANG_WARN_RANGE_LOOP_ANALYSIS = YES;
				CLANG_WARN_STRICT_PROTOTYPES = YES;
				CLANG_WARN_SUSPICIOUS_MOVE = YES;
				CLANG_WARN_UNGUARDED_AVAILABILITY = YES_AGGRESSIVE;
				CLANG_WARN_UNREACHABLE_CODE = YES;
				CLANG_WARN__DUPLICATE_METHOD_MATCH = YES;
				COPY_PHASE_STRIP = NO;
				DEBUG_INFORMATION_FORMAT = "dwarf-with-dsym";
				ENABLE_NS_ASSERTIONS = NO;
				ENABLE_STRICT_OBJC_MSGSEND = YES;
				ENABLE_USER_SCRIPT_SANDBOXING = YES;
				GCC_C_LANGUAGE_STANDARD = gnu17;
				GCC_NO_COMMON_BLOCKS = YES;
				GCC_WARN_64_TO_32_BIT_CONVERSION = YES;
				GCC_WARN_ABOUT_RETURN_TYPE = YES_ERROR;
				GCC_WARN_UNDECLARED_SELECTOR = YES;
				GCC_WARN_UNINITIALIZED_AUTOS = YES_AGGRESSIVE;
				GCC_WARN_UNUSED_FUNCTION = YES;
				GCC_WARN_UNUSED_VARIABLE = YES;
				IPHONEOS_DEPLOYMENT_TARGET = 17.0;
				LOCALIZATION_PREFERS_STRING_CATALOGS = YES;
				MTL_ENABLE_DEBUG_INFO = NO;
				MTL_FAST_MATH = YES;
				SDKROOT = iphoneos;
				SWIFT_COMPILATION_MODE = wholemodule;
				VALIDATE_PRODUCT = YES;
			};
			name = Release;
		};
		9AB9BBB92AE215B3004E97BC /* Debug */ = {
			isa = XCBuildConfiguration;
			buildSettings = {
				ASSETCATALOG_COMPILER_APPICON_NAME = AppIcon;
				ASSETCATALOG_COMPILER_GLOBAL_ACCENT_COLOR_NAME = AccentColor;
				CODE_SIGN_STYLE = Automatic;
				CURRENT_PROJECT_VERSION = 1;
				GENERATE_INFOPLIST_FILE = YES;
				INFOPLIST_FILE = "SignUp-Testing/Info.plist";
				INFOPLIST_KEY_UIApplicationSupportsIndirectInputEvents = YES;
				INFOPLIST_KEY_UILaunchStoryboardName = LaunchScreen;
				INFOPLIST_KEY_UIMainStoryboardFile = Main;
				INFOPLIST_KEY_UISupportedInterfaceOrientations_iPad = "UIInterfaceOrientationPortrait UIInterfaceOrientationPortraitUpsideDown UIInterfaceOrientationLandscapeLeft UIInterfaceOrientationLandscapeRight";
				INFOPLIST_KEY_UISupportedInterfaceOrientations_iPhone = "UIInterfaceOrientationPortrait UIInterfaceOrientationLandscapeLeft UIInterfaceOrientationLandscapeRight";
				LD_RUNPATH_SEARCH_PATHS = (
					"$(inherited)",
					"@executable_path/Frameworks",
				);
				MARKETING_VERSION = 1.0;
				PRODUCT_BUNDLE_IDENTIFIER = "Rose-Tests.SignUp-Testing";
				PRODUCT_NAME = "$(TARGET_NAME)";
				SWIFT_EMIT_LOC_STRINGS = YES;
				SWIFT_VERSION = 5.0;
				TARGETED_DEVICE_FAMILY = "1,2";
			};
			name = Debug;
		};
		9AB9BBBA2AE215B3004E97BC /* Release */ = {
			isa = XCBuildConfiguration;
			buildSettings = {
				ASSETCATALOG_COMPILER_APPICON_NAME = AppIcon;
				ASSETCATALOG_COMPILER_GLOBAL_ACCENT_COLOR_NAME = AccentColor;
				CODE_SIGN_STYLE = Automatic;
				CURRENT_PROJECT_VERSION = 1;
				GENERATE_INFOPLIST_FILE = YES;
				INFOPLIST_FILE = "SignUp-Testing/Info.plist";
				INFOPLIST_KEY_UIApplicationSupportsIndirectInputEvents = YES;
				INFOPLIST_KEY_UILaunchStoryboardName = LaunchScreen;
				INFOPLIST_KEY_UIMainStoryboardFile = Main;
				INFOPLIST_KEY_UISupportedInterfaceOrientations_iPad = "UIInterfaceOrientationPortrait UIInterfaceOrientationPortraitUpsideDown UIInterfaceOrientationLandscapeLeft UIInterfaceOrientationLandscapeRight";
				INFOPLIST_KEY_UISupportedInterfaceOrientations_iPhone = "UIInterfaceOrientationPortrait UIInterfaceOrientationLandscapeLeft UIInterfaceOrientationLandscapeRight";
				LD_RUNPATH_SEARCH_PATHS = (
					"$(inherited)",
					"@executable_path/Frameworks",
				);
				MARKETING_VERSION = 1.0;
				PRODUCT_BUNDLE_IDENTIFIER = "Rose-Tests.SignUp-Testing";
				PRODUCT_NAME = "$(TARGET_NAME)";
				SWIFT_EMIT_LOC_STRINGS = YES;
				SWIFT_VERSION = 5.0;
				TARGETED_DEVICE_FAMILY = "1,2";
			};
			name = Release;
		};
		9AB9BBC62AE2167C004E97BC /* Debug */ = {
			isa = XCBuildConfiguration;
			buildSettings = {
				BUNDLE_LOADER = "$(TEST_HOST)";
				CODE_SIGN_STYLE = Automatic;
				CURRENT_PROJECT_VERSION = 1;
				GENERATE_INFOPLIST_FILE = YES;
				MARKETING_VERSION = 1.0;
				PRODUCT_BUNDLE_IDENTIFIER = "Rose-Tests.SignUp-Testing-Tests";
				PRODUCT_NAME = "$(TARGET_NAME)";
				SWIFT_EMIT_LOC_STRINGS = NO;
				SWIFT_VERSION = 5.0;
				TARGETED_DEVICE_FAMILY = "1,2";
				TEST_HOST = "$(BUILT_PRODUCTS_DIR)/SignUp-Testing.app/$(BUNDLE_EXECUTABLE_FOLDER_PATH)/SignUp-Testing";
			};
			name = Debug;
		};
		9AB9BBC72AE2167C004E97BC /* Release */ = {
			isa = XCBuildConfiguration;
			buildSettings = {
				BUNDLE_LOADER = "$(TEST_HOST)";
				CODE_SIGN_STYLE = Automatic;
				CURRENT_PROJECT_VERSION = 1;
				GENERATE_INFOPLIST_FILE = YES;
				MARKETING_VERSION = 1.0;
				PRODUCT_BUNDLE_IDENTIFIER = "Rose-Tests.SignUp-Testing-Tests";
				PRODUCT_NAME = "$(TARGET_NAME)";
				SWIFT_EMIT_LOC_STRINGS = NO;
				SWIFT_VERSION = 5.0;
				TARGETED_DEVICE_FAMILY = "1,2";
				TEST_HOST = "$(BUILT_PRODUCTS_DIR)/SignUp-Testing.app/$(BUNDLE_EXECUTABLE_FOLDER_PATH)/SignUp-Testing";
			};
			name = Release;
		};
/* End XCBuildConfiguration section */

/* Begin XCConfigurationList section */
		9AB9BB9F2AE215B2004E97BC /* Build configuration list for PBXProject "SignUp-Testing" */ = {
			isa = XCConfigurationList;
			buildConfigurations = (
				9AB9BBB62AE215B3004E97BC /* Debug */,
				9AB9BBB72AE215B3004E97BC /* Release */,
			);
			defaultConfigurationIsVisible = 0;
			defaultConfigurationName = Release;
		};
		9AB9BBB82AE215B3004E97BC /* Build configuration list for PBXNativeTarget "SignUp-Testing" */ = {
			isa = XCConfigurationList;
			buildConfigurations = (
				9AB9BBB92AE215B3004E97BC /* Debug */,
				9AB9BBBA2AE215B3004E97BC /* Release */,
			);
			defaultConfigurationIsVisible = 0;
			defaultConfigurationName = Release;
		};
		9AB9BBC52AE2167C004E97BC /* Build configuration list for PBXNativeTarget "SignUp-Testing-Tests" */ = {
			isa = XCConfigurationList;
			buildConfigurations = (
				9AB9BBC62AE2167C004E97BC /* Debug */,
				9AB9BBC72AE2167C004E97BC /* Release */,
			);
			defaultConfigurationIsVisible = 0;
			defaultConfigurationName = Release;
		};
/* End XCConfigurationList section */
	};
	rootObject = 9AB9BB9C2AE215B2004E97BC /* Project object */;
}
